
Microsoft Visual Studio Solution File, Format Version 12.00
# Visual Studio 15
Project("{FAE04EC0-301F-11D3-BF4B-00C04F79EFBC}") = "Shape_Weiwei", "Shape_Weiwei\Shape_Weiwei.csproj", "{89AA0E8B-2B29-492C-B620-6026F84637AB}"
EndProject
Project("{2150E333-8FDC-42A3-9474-1A3956D46DE8}") = "Solution Items", "Solution Items", "{9465F57D-C946-4210-92CA-0AE1768A616A}"
EndProject
Global
	GlobalSection(SolutionConfigurationPlatforms) = preSolution
		Debug|Any CPU = Debug|Any CPU
		Release|Any CPU = Release|Any CPU
	EndGlobalSection
	GlobalSection(ProjectConfigurationPlatforms) = postSolution
		{89AA0E8B-2B29-492C-B620-6026F84637AB}.Debug|Any CPU.ActiveCfg = Debug|Any CPU
		{89AA0E8B-2B29-492C-B620-6026F84637AB}.Debug|Any CPU.Build.0 = Debug|Any CPU
		{89AA0E8B-2B29-492C-B620-6026F84637AB}.Release|Any CPU.ActiveCfg = Release|Any CPU
		{89AA0E8B-2B29-492C-B620-6026F84637AB}.Release|Any CPU.Build.0 = Release|Any CPU
	EndGlobalSection
EndGlobal
